
Microsoft Visual Studio Solution File, Format Version 12.00
# Visual Studio Version 17
VisualStudioVersion = 17.0.31903.59
MinimumVisualStudioVersion = 10.0.40219.1
Project("{FAE04EC0-301F-11D3-BF4B-00C04F79EFBC}") = "ReqRes.Application", "ReqRes.Application\ReqRes.Application.csproj", "{D5068FCE-E3E2-4010-8DDF-AD3AB5E3DCFB}"
EndProject
Project("{FAE04EC0-301F-11D3-BF4B-00C04F79EFBC}") = "ReqRes.Infrastructure", "ReqRes.Infrastructure\ReqRes.Infrastructure.csproj", "{8D57B7EC-3E11-4E2D-8DEC-4CEFBBFB9ADA}"
EndProject
Project("{FAE04EC0-301F-11D3-BF4B-00C04F79EFBC}") = "ReqRes.ConsoleApp", "ReqRes.ConsoleApp\ReqRes.ConsoleApp.csproj", "{BF8A7AE9-D151-4F30-A619-B330AEA33195}"
EndProject
Project("{FAE04EC0-301F-11D3-BF4B-00C04F79EFBC}") = "ReqRes.Tests", "ReqRes.Tests\ReqRes.Tests.csproj", "{9FC4BD34-1791-47EE-B519-34D6DE1550FF}"
EndProject
Global
	GlobalSection(SolutionConfigurationPlatforms) = preSolution
		Debug|Any CPU = Debug|Any CPU
		Release|Any CPU = Release|Any CPU
	EndGlobalSection
	GlobalSection(SolutionProperties) = preSolution
		HideSolutionNode = FALSE
	EndGlobalSection
	GlobalSection(ProjectConfigurationPlatforms) = postSolution
		{D5068FCE-E3E2-4010-8DDF-AD3AB5E3DCFB}.Debug|Any CPU.ActiveCfg = Debug|Any CPU
		{D5068FCE-E3E2-4010-8DDF-AD3AB5E3DCFB}.Debug|Any CPU.Build.0 = Debug|Any CPU
		{D5068FCE-E3E2-4010-8DDF-AD3AB5E3DCFB}.Release|Any CPU.ActiveCfg = Release|Any CPU
		{D5068FCE-E3E2-4010-8DDF-AD3AB5E3DCFB}.Release|Any CPU.Build.0 = Release|Any CPU
		{8D57B7EC-3E11-4E2D-8DEC-4CEFBBFB9ADA}.Debug|Any CPU.ActiveCfg = Debug|Any CPU
		{8D57B7EC-3E11-4E2D-8DEC-4CEFBBFB9ADA}.Debug|Any CPU.Build.0 = Debug|Any CPU
		{8D57B7EC-3E11-4E2D-8DEC-4CEFBBFB9ADA}.Release|Any CPU.ActiveCfg = Release|Any CPU
		{8D57B7EC-3E11-4E2D-8DEC-4CEFBBFB9ADA}.Release|Any CPU.Build.0 = Release|Any CPU
		{BF8A7AE9-D151-4F30-A619-B330AEA33195}.Debug|Any CPU.ActiveCfg = Debug|Any CPU
		{BF8A7AE9-D151-4F30-A619-B330AEA33195}.Debug|Any CPU.Build.0 = Debug|Any CPU
		{BF8A7AE9-D151-4F30-A619-B330AEA33195}.Release|Any CPU.ActiveCfg = Release|Any CPU
		{BF8A7AE9-D151-4F30-A619-B330AEA33195}.Release|Any CPU.Build.0 = Release|Any CPU
		{9FC4BD34-1791-47EE-B519-34D6DE1550FF}.Debug|Any CPU.ActiveCfg = Debug|Any CPU
		{9FC4BD34-1791-47EE-B519-34D6DE1550FF}.Debug|Any CPU.Build.0 = Debug|Any CPU
		{9FC4BD34-1791-47EE-B519-34D6DE1550FF}.Release|Any CPU.ActiveCfg = Release|Any CPU
		{9FC4BD34-1791-47EE-B519-34D6DE1550FF}.Release|Any CPU.Build.0 = Release|Any CPU
	EndGlobalSection
EndGlobal
